
Microsoft Visual Studio Solution File, Format Version 12.00
# Visual Studio Version 16
VisualStudioVersion = 16.0.29806.167
MinimumVisualStudioVersion = 10.0.40219.1
Project("{FAE04EC0-301F-11D3-BF4B-00C04F79EFBC}") = "One", "One.csproj", "{DA3FB2BE-C2B9-4BCA-BDA7-7B82489B1165}"
EndProject
Project("{FAE04EC0-301F-11D3-BF4B-00C04F79EFBC}") = "Two", "..\Two\Two.csproj", "{02C2586B-AB77-4A08-BC81-6000AD770948}"
EndProject
Global
	GlobalSection(SolutionConfigurationPlatforms) = preSolution
		Debug|Any CPU = Debug|Any CPU
		Release|Any CPU = Release|Any CPU
	EndGlobalSection
	GlobalSection(ProjectConfigurationPlatforms) = postSolution
		{DA3FB2BE-C2B9-4BCA-BDA7-7B82489B1165}.Debug|Any CPU.ActiveCfg = Debug|Any CPU
		{DA3FB2BE-C2B9-4BCA-BDA7-7B82489B1165}.Debug|Any CPU.Build.0 = Debug|Any CPU
		{DA3FB2BE-C2B9-4BCA-BDA7-7B82489B1165}.Release|Any CPU.ActiveCfg = Release|Any CPU
		{DA3FB2BE-C2B9-4BCA-BDA7-7B82489B1165}.Release|Any CPU.Build.0 = Release|Any CPU
		{02C2586B-AB77-4A08-BC81-6000AD770948}.Debug|Any CPU.ActiveCfg = Debug|Any CPU
		{02C2586B-AB77-4A08-BC81-6000AD770948}.Debug|Any CPU.Build.0 = Debug|Any CPU
		{02C2586B-AB77-4A08-BC81-6000AD770948}.Release|Any CPU.ActiveCfg = Release|Any CPU
		{02C2586B-AB77-4A08-BC81-6000AD770948}.Release|Any CPU.Build.0 = Release|Any CPU
	EndGlobalSection
	GlobalSection(SolutionProperties) = preSolution
		HideSolutionNode = FALSE
	EndGlobalSection
	GlobalSection(ExtensibilityGlobals) = postSolution
		SolutionGuid = {2B3E2977-7EDA-42BC-B7ED-BE368B7DA647}
	EndGlobalSection
EndGlobal
